
Microsoft Visual Studio Solution File, Format Version 12.00
# Visual Studio Version 17
VisualStudioVersion = 17.0.31903.59
MinimumVisualStudioVersion = 10.0.40219.1
Project("{2150E333-8FDC-42A3-9474-1A3956D46DE8}") = "solution-items", "solution-items", "{6168458A-3CCC-4CC5-8E74-1D694C89E34D}"
	ProjectSection(SolutionItems) = preProject
		.editorconfig = .editorconfig
		.gitignore = .gitignore
		Directory.Build.props = Directory.Build.props
		Directory.Packages.props = Directory.Packages.props
		src\Api\Dockerfile = src\Api\Dockerfile
	EndProjectSection
EndProject
Project("{2150E333-8FDC-42A3-9474-1A3956D46DE8}") = "src", "src", "{FFD121B2-9695-41B6-B1E3-DF82E3B86081}"
EndProject
Project("{2150E333-8FDC-42A3-9474-1A3956D46DE8}") = "tests", "tests", "{791FD2DC-C127-45B9-8401-E2283226650E}"
	ProjectSection(SolutionItems) = preProject
		tests\.editorconfig = tests\.editorconfig
	EndProjectSection
EndProject
Project("{9A19103F-16F7-4668-BE54-9A1E7A4F7556}") = "Application.Architecture.Tests", "tests\Application.Architecture.Tests\Application.Architecture.Tests.csproj", "{B25976BA-21B3-4F63-AD37-4242B628DC13}"
EndProject
Project("{FAE04EC0-301F-11D3-BF4B-00C04F79EFBC}") = "Application.Unit.Tests", "tests\Application.Unit.Tests\Application.Unit.Tests.csproj", "{E0434E3F-4B52-4546-B66E-F54EC3A569DD}"
EndProject
Project("{FAE04EC0-301F-11D3-BF4B-00C04F79EFBC}") = "Application.Integration.Tests", "tests\Application.Integration.Tests\Application.Integration.Tests.csproj", "{620588B3-674B-4D17-8740-45314D24F0A4}"
EndProject
Project("{FAE04EC0-301F-11D3-BF4B-00C04F79EFBC}") = "Application.EndToEnd.Tests", "tests\Application.EndToEnd.Tests\Application.EndToEnd.Tests.csproj", "{0BC3D2E0-F8FC-492E-AACF-0262F9B4CA38}"
EndProject
Project("{FAE04EC0-301F-11D3-BF4B-00C04F79EFBC}") = "Api", "src\Api\Api.csproj", "{6B4E2136-F46A-4D9D-B278-646251A5C78C}"
EndProject
Project("{FAE04EC0-301F-11D3-BF4B-00C04F79EFBC}") = "Application", "src\Application\Application.csproj", "{95E8335F-254F-45A3-A58F-CFD7781685CA}"
EndProject
Project("{FAE04EC0-301F-11D3-BF4B-00C04F79EFBC}") = "Application.Common.Tests", "tests\Application.Common.Tests\Application.Common.Tests.csproj", "{18205645-34C1-448A-9E22-6D1365384464}"
EndProject
Project("{FAE04EC0-301F-11D3-BF4B-00C04F79EFBC}") = "Domain", "src\Domain\Domain.csproj", "{9C5CE12F-3139-4BFC-9326-609C92582721}"
EndProject
Project("{FAE04EC0-301F-11D3-BF4B-00C04F79EFBC}") = "Infrastructure", "src\Infrastructure\Infrastructure.csproj", "{0D23F10E-AC57-4EC9-8E6D-23534D1DE5F8}"
EndProject
Project("{E53339B2-1760-4266-BCC7-CA923CBCF16C}") = "docker-compose", "docker-compose.dcproj", "{19471788-E825-4AE2-9F73-C697DC3F3C44}"
EndProject
Global
	GlobalSection(SolutionConfigurationPlatforms) = preSolution
		Debug|Any CPU = Debug|Any CPU
		Release|Any CPU = Release|Any CPU
	EndGlobalSection
	GlobalSection(ProjectConfigurationPlatforms) = postSolution
		{B25976BA-21B3-4F63-AD37-4242B628DC13}.Debug|Any CPU.ActiveCfg = Debug|Any CPU
		{B25976BA-21B3-4F63-AD37-4242B628DC13}.Debug|Any CPU.Build.0 = Debug|Any CPU
		{B25976BA-21B3-4F63-AD37-4242B628DC13}.Release|Any CPU.ActiveCfg = Release|Any CPU
		{B25976BA-21B3-4F63-AD37-4242B628DC13}.Release|Any CPU.Build.0 = Release|Any CPU
		{E0434E3F-4B52-4546-B66E-F54EC3A569DD}.Debug|Any CPU.ActiveCfg = Debug|Any CPU
		{E0434E3F-4B52-4546-B66E-F54EC3A569DD}.Debug|Any CPU.Build.0 = Debug|Any CPU
		{E0434E3F-4B52-4546-B66E-F54EC3A569DD}.Release|Any CPU.ActiveCfg = Release|Any CPU
		{E0434E3F-4B52-4546-B66E-F54EC3A569DD}.Release|Any CPU.Build.0 = Release|Any CPU
		{620588B3-674B-4D17-8740-45314D24F0A4}.Debug|Any CPU.ActiveCfg = Debug|Any CPU
		{620588B3-674B-4D17-8740-45314D24F0A4}.Debug|Any CPU.Build.0 = Debug|Any CPU
		{620588B3-674B-4D17-8740-45314D24F0A4}.Release|Any CPU.ActiveCfg = Release|Any CPU
		{620588B3-674B-4D17-8740-45314D24F0A4}.Release|Any CPU.Build.0 = Release|Any CPU
		{0BC3D2E0-F8FC-492E-AACF-0262F9B4CA38}.Debug|Any CPU.ActiveCfg = Debug|Any CPU
		{0BC3D2E0-F8FC-492E-AACF-0262F9B4CA38}.Debug|Any CPU.Build.0 = Debug|Any CPU
		{0BC3D2E0-F8FC-492E-AACF-0262F9B4CA38}.Release|Any CPU.ActiveCfg = Release|Any CPU
		{0BC3D2E0-F8FC-492E-AACF-0262F9B4CA38}.Release|Any CPU.Build.0 = Release|Any CPU
		{6B4E2136-F46A-4D9D-B278-646251A5C78C}.Debug|Any CPU.ActiveCfg = Debug|Any CPU
		{6B4E2136-F46A-4D9D-B278-646251A5C78C}.Debug|Any CPU.Build.0 = Debug|Any CPU
		{6B4E2136-F46A-4D9D-B278-646251A5C78C}.Release|Any CPU.ActiveCfg = Release|Any CPU
		{6B4E2136-F46A-4D9D-B278-646251A5C78C}.Release|Any CPU.Build.0 = Release|Any CPU
		{95E8335F-254F-45A3-A58F-CFD7781685CA}.Debug|Any CPU.ActiveCfg = Debug|Any CPU
		{95E8335F-254F-45A3-A58F-CFD7781685CA}.Debug|Any CPU.Build.0 = Debug|Any CPU
		{95E8335F-254F-45A3-A58F-CFD7781685CA}.Release|Any CPU.ActiveCfg = Release|Any CPU
		{95E8335F-254F-45A3-A58F-CFD7781685CA}.Release|Any CPU.Build.0 = Release|Any CPU
		{18205645-34C1-448A-9E22-6D1365384464}.Debug|Any CPU.ActiveCfg = Debug|Any CPU
		{18205645-34C1-448A-9E22-6D1365384464}.Debug|Any CPU.Build.0 = Debug|Any CPU
		{18205645-34C1-448A-9E22-6D1365384464}.Release|Any CPU.ActiveCfg = Release|Any CPU
		{18205645-34C1-448A-9E22-6D1365384464}.Release|Any CPU.Build.0 = Release|Any CPU
		{9C5CE12F-3139-4BFC-9326-609C92582721}.Debug|Any CPU.ActiveCfg = Debug|Any CPU
		{9C5CE12F-3139-4BFC-9326-609C92582721}.Debug|Any CPU.Build.0 = Debug|Any CPU
		{9C5CE12F-3139-4BFC-9326-609C92582721}.Release|Any CPU.ActiveCfg = Release|Any CPU
		{9C5CE12F-3139-4BFC-9326-609C92582721}.Release|Any CPU.Build.0 = Release|Any CPU
		{0D23F10E-AC57-4EC9-8E6D-23534D1DE5F8}.Debug|Any CPU.ActiveCfg = Debug|Any CPU
		{0D23F10E-AC57-4EC9-8E6D-23534D1DE5F8}.Debug|Any CPU.Build.0 = Debug|Any CPU
		{0D23F10E-AC57-4EC9-8E6D-23534D1DE5F8}.Release|Any CPU.ActiveCfg = Release|Any CPU
		{0D23F10E-AC57-4EC9-8E6D-23534D1DE5F8}.Release|Any CPU.Build.0 = Release|Any CPU
		{19471788-E825-4AE2-9F73-C697DC3F3C44}.Debug|Any CPU.ActiveCfg = Debug|Any CPU
		{19471788-E825-4AE2-9F73-C697DC3F3C44}.Debug|Any CPU.Build.0 = Debug|Any CPU
		{19471788-E825-4AE2-9F73-C697DC3F3C44}.Release|Any CPU.ActiveCfg = Release|Any CPU
		{19471788-E825-4AE2-9F73-C697DC3F3C44}.Release|Any CPU.Build.0 = Release|Any CPU
	EndGlobalSection
	GlobalSection(SolutionProperties) = preSolution
		HideSolutionNode = FALSE
	EndGlobalSection
	GlobalSection(NestedProjects) = preSolution
		{B25976BA-21B3-4F63-AD37-4242B628DC13} = {791FD2DC-C127-45B9-8401-E2283226650E}
		{E0434E3F-4B52-4546-B66E-F54EC3A569DD} = {791FD2DC-C127-45B9-8401-E2283226650E}
		{620588B3-674B-4D17-8740-45314D24F0A4} = {791FD2DC-C127-45B9-8401-E2283226650E}
		{0BC3D2E0-F8FC-492E-AACF-0262F9B4CA38} = {791FD2DC-C127-45B9-8401-E2283226650E}
		{6B4E2136-F46A-4D9D-B278-646251A5C78C} = {FFD121B2-9695-41B6-B1E3-DF82E3B86081}
		{95E8335F-254F-45A3-A58F-CFD7781685CA} = {FFD121B2-9695-41B6-B1E3-DF82E3B86081}
		{18205645-34C1-448A-9E22-6D1365384464} = {791FD2DC-C127-45B9-8401-E2283226650E}
		{9C5CE12F-3139-4BFC-9326-609C92582721} = {FFD121B2-9695-41B6-B1E3-DF82E3B86081}
		{0D23F10E-AC57-4EC9-8E6D-23534D1DE5F8} = {FFD121B2-9695-41B6-B1E3-DF82E3B86081}
		{19471788-E825-4AE2-9F73-C697DC3F3C44} = {6168458A-3CCC-4CC5-8E74-1D694C89E34D}
	EndGlobalSection
	GlobalSection(ExtensibilityGlobals) = postSolution
		SolutionGuid = {BBF5EC28-9F24-4600-B0C1-0BF5C6A0F9E0}
	EndGlobalSection
EndGlobal
