
Microsoft Visual Studio Solution File, Format Version 12.00
# Visual Studio Version 17
VisualStudioVersion = 17.11.35327.3
MinimumVisualStudioVersion = 10.0.40219.1
Project("{2150E333-8FDC-42A3-9474-1A3956D46DE8}") = "src", "src", "{0EBD94BF-0B95-4434-B7D8-591BBF063383}"
EndProject
Project("{2150E333-8FDC-42A3-9474-1A3956D46DE8}") = "tests", "tests", "{97110504-645B-4729-A25F-243B185F4E05}"
EndProject
Project("{2150E333-8FDC-42A3-9474-1A3956D46DE8}") = "solution-items", "solution-items", "{A2AB30A9-EDAF-445C-A0E4-09F09E194B4F}"
	ProjectSection(SolutionItems) = preProject
		.editorconfig = .editorconfig
		.gitignore = .gitignore
		Directory.Build.props = Directory.Build.props
		Directory.Build.targets = Directory.Build.targets
		Directory.Packages.props = Directory.Packages.props
	EndProjectSection
EndProject
Project("{FAE04EC0-301F-11D3-BF4B-00C04F79EFBC}") = "VerticalSliceArchitecture.DDD.Application", "src\VerticalSliceArchitecture.DDD.Application\VerticalSliceArchitecture.DDD.Application.csproj", "{2710E975-5068-4E13-9D52-F5A2464A6B71}"
EndProject
Project("{FAE04EC0-301F-11D3-BF4B-00C04F79EFBC}") = "VerticalSliceArchitecture.DDD.Architecture.Tests", "tests\VerticalSliceArchitecture.DDD.Architecture.Tests\VerticalSliceArchitecture.DDD.Architecture.Tests.csproj", "{03EAF6EF-40AD-4ACB-8C43-0779D45F7AC5}"
EndProject
Global
	GlobalSection(SolutionConfigurationPlatforms) = preSolution
		Debug|Any CPU = Debug|Any CPU
		Debug|x64 = Debug|x64
		Debug|x86 = Debug|x86
		Release|Any CPU = Release|Any CPU
		Release|x64 = Release|x64
		Release|x86 = Release|x86
	EndGlobalSection
	GlobalSection(ProjectConfigurationPlatforms) = postSolution
		{2710E975-5068-4E13-9D52-F5A2464A6B71}.Debug|Any CPU.ActiveCfg = Debug|Any CPU
		{2710E975-5068-4E13-9D52-F5A2464A6B71}.Debug|Any CPU.Build.0 = Debug|Any CPU
		{2710E975-5068-4E13-9D52-F5A2464A6B71}.Debug|x64.ActiveCfg = Debug|Any CPU
		{2710E975-5068-4E13-9D52-F5A2464A6B71}.Debug|x64.Build.0 = Debug|Any CPU
		{2710E975-5068-4E13-9D52-F5A2464A6B71}.Debug|x86.ActiveCfg = Debug|Any CPU
		{2710E975-5068-4E13-9D52-F5A2464A6B71}.Debug|x86.Build.0 = Debug|Any CPU
		{2710E975-5068-4E13-9D52-F5A2464A6B71}.Release|Any CPU.ActiveCfg = Release|Any CPU
		{2710E975-5068-4E13-9D52-F5A2464A6B71}.Release|Any CPU.Build.0 = Release|Any CPU
		{2710E975-5068-4E13-9D52-F5A2464A6B71}.Release|x64.ActiveCfg = Release|Any CPU
		{2710E975-5068-4E13-9D52-F5A2464A6B71}.Release|x64.Build.0 = Release|Any CPU
		{2710E975-5068-4E13-9D52-F5A2464A6B71}.Release|x86.ActiveCfg = Release|Any CPU
		{2710E975-5068-4E13-9D52-F5A2464A6B71}.Release|x86.Build.0 = Release|Any CPU
		{03EAF6EF-40AD-4ACB-8C43-0779D45F7AC5}.Debug|Any CPU.ActiveCfg = Debug|Any CPU
		{03EAF6EF-40AD-4ACB-8C43-0779D45F7AC5}.Debug|Any CPU.Build.0 = Debug|Any CPU
		{03EAF6EF-40AD-4ACB-8C43-0779D45F7AC5}.Debug|x64.ActiveCfg = Debug|Any CPU
		{03EAF6EF-40AD-4ACB-8C43-0779D45F7AC5}.Debug|x64.Build.0 = Debug|Any CPU
		{03EAF6EF-40AD-4ACB-8C43-0779D45F7AC5}.Debug|x86.ActiveCfg = Debug|Any CPU
		{03EAF6EF-40AD-4ACB-8C43-0779D45F7AC5}.Debug|x86.Build.0 = Debug|Any CPU
		{03EAF6EF-40AD-4ACB-8C43-0779D45F7AC5}.Release|Any CPU.ActiveCfg = Release|Any CPU
		{03EAF6EF-40AD-4ACB-8C43-0779D45F7AC5}.Release|Any CPU.Build.0 = Release|Any CPU
		{03EAF6EF-40AD-4ACB-8C43-0779D45F7AC5}.Release|x64.ActiveCfg = Release|Any CPU
		{03EAF6EF-40AD-4ACB-8C43-0779D45F7AC5}.Release|x64.Build.0 = Release|Any CPU
		{03EAF6EF-40AD-4ACB-8C43-0779D45F7AC5}.Release|x86.ActiveCfg = Release|Any CPU
		{03EAF6EF-40AD-4ACB-8C43-0779D45F7AC5}.Release|x86.Build.0 = Release|Any CPU
	EndGlobalSection
	GlobalSection(SolutionProperties) = preSolution
		HideSolutionNode = FALSE
	EndGlobalSection
	GlobalSection(NestedProjects) = preSolution
		{2710E975-5068-4E13-9D52-F5A2464A6B71} = {0EBD94BF-0B95-4434-B7D8-591BBF063383}
		{03EAF6EF-40AD-4ACB-8C43-0779D45F7AC5} = {97110504-645B-4729-A25F-243B185F4E05}
	EndGlobalSection
	GlobalSection(ExtensibilityGlobals) = postSolution
		SolutionGuid = {9B2AC839-BD3B-4AA8-BC9B-CB35EF0563C6}
	EndGlobalSection
EndGlobal
